{
    "name": "hello-sequelize",
    "version": "1.0.0",
    "lockfileVersion": 1,
    "requires": true,
    "dependencies": {
        "@types/geojson": {
            "version": "1.0.6",
            "resolved": "https://registry.npmjs.org/@types/geojson/-/geojson-1.0.6.tgz",
            "integrity": "sha512-Xqg/lIZMrUd0VRmSRbCAewtwGZiAk3mEUDvV4op1tGl+LvyPcb/MIOSxTl9z+9+J+R4/vpjiCAT4xeKzH9ji1w=="
        },
        "bignumber.js": {
            "version": "2.3.0",
            "resolved": "https://registry.npmjs.org/bignumber.js/-/bignumber.js-2.3.0.tgz",
            "integrity": "sha1-WXoC15Htw9ZPF4UOIXieekCV32Y="
        },
        "bluebird": {
            "version": "3.5.1",
            "resolved": "https://registry.npmjs.org/bluebird/-/bluebird-3.5.1.tgz",
            "integrity": "sha512-MKiLiV+I1AA596t9w1sQJ8jkiSr5+ZKi0WKrYGUn6d1Fx+Ij4tIj+m2WMQSGczs5jZVxV339chE8iwk6F64wjA=="
        },
        "core-util-is": {
            "version": "1.0.2",
            "resolved": "https://registry.npmjs.org/core-util-is/-/core-util-is-1.0.2.tgz",
            "integrity": "sha1-tf1UIgqivFq1eqtxQMlAdUUDwac="
        },
        "debug": {
            "version": "2.6.9",
            "resolved": "https://registry.npmjs.org/debug/-/debug-2.6.9.tgz",
            "integrity": "sha512-bC7ElrdJaJnPbAP+1EotYvqZsb3ecl5wi6Bfi6BJTUcNowp6cvspg0jXznRTKDjm/E7AdgFBVeAPVMNcKGsHMA==",
            "requires": {
                "ms": "2.0.0"
            }
        },
        "depd": {
            "version": "1.1.2",
            "resolved": "https://registry.npmjs.org/depd/-/depd-1.1.2.tgz",
            "integrity": "sha1-m81S4UwJd2PnSbJ0xDRu0uVgtak="
        },
        "dottie": {
            "version": "1.1.1",
            "resolved": "https://registry.npmjs.org/dottie/-/dottie-1.1.1.tgz",
            "integrity": "sha1-RcKj9IvWUo7u0memmoSOqspvqmo="
        },
        "generic-pool": {
            "version": "2.4.2",
            "resolved": "https://registry.npmjs.org/generic-pool/-/generic-pool-2.4.2.tgz",
            "integrity": "sha1-iGvFvwvrfblugby7oHiBjeWmJoM="
        },
        "inflection": {
            "version": "1.12.0",
            "resolved": "https://registry.npmjs.org/inflection/-/inflection-1.12.0.tgz",
            "integrity": "sha1-ogCTVlbW9fa8TcdQLhrstwMihBY="
        },
        "inherits": {
            "version": "2.0.3",
            "resolved": "https://registry.npmjs.org/inherits/-/inherits-2.0.3.tgz",
            "integrity": "sha1-Yzwsg+PaQqUC9SRmAiSA9CCCYd4="
        },
        "isarray": {
            "version": "0.0.1",
            "resolved": "https://registry.npmjs.org/isarray/-/isarray-0.0.1.tgz",
            "integrity": "sha1-ihis/Kmo9Bd+Cav8YDiTmwXR7t8="
        },
        "lodash": {
            "version": "4.12.0",
            "resolved": "https://registry.npmjs.org/lodash/-/lodash-4.12.0.tgz",
            "integrity": "sha1-K9bcRqBA9Z5obJcu0h2T3FkFMlg="
        },
        "moment": {
            "version": "2.20.1",
            "resolved": "https://registry.npmjs.org/moment/-/moment-2.20.1.tgz",
            "integrity": "sha512-Yh9y73JRljxW5QxN08Fner68eFLxM5ynNOAw2LbIB1YAGeQzZT8QFSUvkAz609Zf+IHhhaUxqZK8dG3W/+HEvg=="
        },
        "moment-timezone": {
            "version": "0.5.14",
            "resolved": "https://registry.npmjs.org/moment-timezone/-/moment-timezone-0.5.14.tgz",
            "integrity": "sha1-TrOP+VOLgBCLpGekWPPtQmjM/LE=",
            "requires": {
                "moment": "2.20.1"
            }
        },
        "ms": {
            "version": "2.0.0",
            "resolved": "https://registry.npmjs.org/ms/-/ms-2.0.0.tgz",
            "integrity": "sha1-VgiurfwAvmwpAd9fmGF4jeDVl8g="
        },
        "mysql": {
            "version": "2.11.1",
            "resolved": "https://registry.npmjs.org/mysql/-/mysql-2.11.1.tgz",
            "integrity": "sha1-e9v9pHcUH9Fe7sK3EDIMDSDOfQg=",
            "requires": {
                "bignumber.js": "2.3.0",
                "readable-stream": "1.1.14",
                "sqlstring": "2.0.1"
            }
        },
        "node-uuid": {
            "version": "1.4.8",
            "resolved": "https://registry.npmjs.org/node-uuid/-/node-uuid-1.4.8.tgz",
            "integrity": "sha1-sEDrCSOWivq/jTL7HxfxFn/auQc="
        },
        "readable-stream": {
            "version": "1.1.14",
            "resolved": "https://registry.npmjs.org/readable-stream/-/readable-stream-1.1.14.tgz",
            "integrity": "sha1-fPTFTvZI44EwhMY23SB54WbAgdk=",
            "requires": {
                "core-util-is": "1.0.2",
                "inherits": "2.0.3",
                "isarray": "0.0.1",
                "string_decoder": "0.10.31"
            }
        },
        "retry-as-promised": {
            "version": "2.3.2",
            "resolved": "https://registry.npmjs.org/retry-as-promised/-/retry-as-promised-2.3.2.tgz",
            "integrity": "sha1-zZdO5P2bX+A8vzGHHuSCIcB3N7c=",
            "requires": {
                "bluebird": "3.5.1",
                "debug": "2.6.9"
            }
        },
        "semver": {
            "version": "5.5.0",
            "resolved": "https://registry.npmjs.org/semver/-/semver-5.5.0.tgz",
            "integrity": "sha512-4SJ3dm0WAwWy/NVeioZh5AntkdJoWKxHxcmyP622fOkgHa4z3R0TdBJICINyaSDE6uNwVc8gZr+ZinwZAH4xIA=="
        },
        "sequelize": {
            "version": "3.24.1",
            "resolved": "https://registry.npmjs.org/sequelize/-/sequelize-3.24.1.tgz",
            "integrity": "sha1-2SkDvxukqwzROO2xWmxCB4/T22k=",
            "requires": {
                "bluebird": "3.5.1",
                "depd": "1.1.2",
                "dottie": "1.1.1",
                "generic-pool": "2.4.2",
                "inflection": "1.12.0",
                "lodash": "4.12.0",
                "moment": "2.20.1",
                "moment-timezone": "0.5.14",
                "node-uuid": "1.4.8",
                "retry-as-promised": "2.3.2",
                "semver": "5.5.0",
                "shimmer": "1.1.0",
                "terraformer-wkt-parser": "1.1.2",
                "toposort-class": "1.0.1",
                "validator": "5.7.0",
                "wkx": "0.2.0"
            }
        },
        "shimmer": {
            "version": "1.1.0",
            "resolved": "https://registry.npmjs.org/shimmer/-/shimmer-1.1.0.tgz",
            "integrity": "sha1-l9c3cTf/u6tCVSLkKf4KqJpIizU="
        },
        "sqlstring": {
            "version": "2.0.1",
            "resolved": "https://registry.npmjs.org/sqlstring/-/sqlstring-2.0.1.tgz",
            "integrity": "sha1-vNPDkxrxpat9VKVY6zVjyj03i5g="
        },
        "string_decoder": {
            "version": "0.10.31",
            "resolved": "https://registry.npmjs.org/string_decoder/-/string_decoder-0.10.31.tgz",
            "integrity": "sha1-YuIDvEF2bGwoyfyEMB2rHFMQ+pQ="
        },
        "terraformer": {
            "version": "1.0.8",
            "resolved": "https://registry.npmjs.org/terraformer/-/terraformer-1.0.8.tgz",
            "integrity": "sha1-UeCtiXRvzyFh3G9lqnDkI3fItZM=",
            "requires": {
                "@types/geojson": "1.0.6"
            }
        },
        "terraformer-wkt-parser": {
            "version": "1.1.2",
            "resolved": "https://registry.npmjs.org/terraformer-wkt-parser/-/terraformer-wkt-parser-1.1.2.tgz",
            "integrity": "sha1-M2oMj8gglKWv+DKI9prt7NNpvww=",
            "requires": {
                "terraformer": "1.0.8"
            }
        },
        "toposort-class": {
            "version": "1.0.1",
            "resolved": "https://registry.npmjs.org/toposort-class/-/toposort-class-1.0.1.tgz",
            "integrity": "sha1-f/0feMi+KMO6Rc1OGj9e4ZO9mYg="
        },
        "validator": {
            "version": "5.7.0",
            "resolved": "https://registry.npmjs.org/validator/-/validator-5.7.0.tgz",
            "integrity": "sha1-eoelgUa2laxIYHEUHAxJ1n2gXlw="
        },
        "wkx": {
            "version": "0.2.0",
            "resolved": "https://registry.npmjs.org/wkx/-/wkx-0.2.0.tgz",
            "integrity": "sha1-dsJPFqzQzY+TzTSqMx4PeWElboQ="
        }
    }
}
